PODS:
  - Flutter (1.0.0)
  - Masonry (1.1.0)
  - Reveal-SDK (10)
  - video_player (0.0.1):
    - Flutter
    - Masonry
    - Reveal-SDK (~> 10)

DEPENDENCIES:
  - Flutter (from `Pods/.symlinks/flutter/ios`)
  - video_player (from `Pods/.symlinks/plugins/video_player/ios`)

EXTERNAL SOURCES:
  Flutter:
    :path: Pods/.symlinks/flutter/ios
  video_player:
    :path: Pods/.symlinks/plugins/video_player/ios

SPEC CHECKSUMS:
  Flutter: 9d0fac939486c9aba2809b7982dfdbb47a7b0296
  Masonry: 678fab65091a9290e40e2832a55e7ab731aad201
  Reveal-SDK: 7869ddf1f902cabbb07a1f0dd06bd25861a126f7
  video_player: cee3cf366a7b484a86c082652b1f8c184c6549b1

PODFILE CHECKSUM: 47b09f9bef7b2f71af6fadccfe9f42384a3f5199

COCOAPODS: 1.4.0
